{
  "version": 1,
  "dependencies": {
    ".NETnanoFramework,Version=v1.0": {
      "nanoFramework.CoreLibrary": {
        "type": "Direct",
        "requested": "[1.14.1, 1.14.1]",
        "resolved": "1.14.1",
        "contentHash": "RcGWo9wko3myI/aend4qaidpOKltUKbm835+26e2cDrXFXn/dqqL15/64YbbvCmY7Qq4uVG9orh+IS8e53umKA=="
      },
      "nanoFramework.TestFramework": {
        "type": "Direct",
        "requested": "[2.1.53, 2.1.53]",
        "resolved": "2.1.53",
        "contentHash": "Qr070ITYv5XZ6E54+bDhFEOaCOcrx/oSOUK/uWYnQrCLTH9Tanf/fhEnWOViMk8nOiuXsPtY00Aen+57lrVsFg=="
      }
    }
  }
}